
Microsoft Visual Studio Solution File, Format Version 12.00
# Visual Studio 2012
Project("{FAE04EC0-301F-11D3-BF4B-00C04F79EFBC}") = "Eval.Touch", "Eval.Touch\Eval.Touch.csproj", "{10FFAE6E-9FC3-47D8-A80E-0E0193CB3C43}"
EndProject
Project("{FAE04EC0-301F-11D3-BF4B-00C04F79EFBC}") = "Emgu.CV.MonoTouch", "Emgu.CV\Emgu.CV.MonoTouch.csproj", "{53F56A65-CDA9-49C2-A9BD-316EA18AEB49}"
EndProject
Project("{FAE04EC0-301F-11D3-BF4B-00C04F79EFBC}") = "Emgu.Util.MonoTouch", "Emgu.Util\Emgu.Util.MonoTouch.csproj", "{317AF9CE-1B65-47A2-B142-BE556A312C72}"
EndProject
Project("{FAE04EC0-301F-11D3-BF4B-00C04F79EFBC}") = "Eval.Core", "Eval.Core\Eval.Core.csproj", "{C868D36D-673D-4F3F-8BF6-769EEF2DD028}"
EndProject
Global
	GlobalSection(SolutionConfigurationPlatforms) = preSolution
		Ad-Hoc|Any CPU = Ad-Hoc|Any CPU
		Ad-Hoc|iPhone = Ad-Hoc|iPhone
		Ad-Hoc|iPhoneSimulator = Ad-Hoc|iPhoneSimulator
		Ad-Hoc|Mixed Platforms = Ad-Hoc|Mixed Platforms
		AppStore|Any CPU = AppStore|Any CPU
		AppStore|iPhone = AppStore|iPhone
		AppStore|iPhoneSimulator = AppStore|iPhoneSimulator
		AppStore|Mixed Platforms = AppStore|Mixed Platforms
		Debug|Any CPU = Debug|Any CPU
		Debug|iPhone = Debug|iPhone
		Debug|iPhoneSimulator = Debug|iPhoneSimulator
		Debug|Mixed Platforms = Debug|Mixed Platforms
		Release|Any CPU = Release|Any CPU
		Release|iPhone = Release|iPhone
		Release|iPhoneSimulator = Release|iPhoneSimulator
		Release|Mixed Platforms = Release|Mixed Platforms
	EndGlobalSection
	GlobalSection(ProjectConfigurationPlatforms) = postSolution
		{10FFAE6E-9FC3-47D8-A80E-0E0193CB3C43}.Ad-Hoc|Any CPU.ActiveCfg = Ad-Hoc|iPhone
		{10FFAE6E-9FC3-47D8-A80E-0E0193CB3C43}.Ad-Hoc|Any CPU.Build.0 = Ad-Hoc|iPhone
		{10FFAE6E-9FC3-47D8-A80E-0E0193CB3C43}.Ad-Hoc|iPhone.ActiveCfg = Ad-Hoc|iPhone
		{10FFAE6E-9FC3-47D8-A80E-0E0193CB3C43}.Ad-Hoc|iPhone.Build.0 = Ad-Hoc|iPhone
		{10FFAE6E-9FC3-47D8-A80E-0E0193CB3C43}.Ad-Hoc|iPhoneSimulator.ActiveCfg = Debug|iPhoneSimulator
		{10FFAE6E-9FC3-47D8-A80E-0E0193CB3C43}.Ad-Hoc|iPhoneSimulator.Build.0 = Debug|iPhoneSimulator
		{10FFAE6E-9FC3-47D8-A80E-0E0193CB3C43}.Ad-Hoc|Mixed Platforms.ActiveCfg = Ad-Hoc|iPhone
		{10FFAE6E-9FC3-47D8-A80E-0E0193CB3C43}.Ad-Hoc|Mixed Platforms.Build.0 = Ad-Hoc|iPhone
		{10FFAE6E-9FC3-47D8-A80E-0E0193CB3C43}.AppStore|Any CPU.ActiveCfg = AppStore|iPhone
		{10FFAE6E-9FC3-47D8-A80E-0E0193CB3C43}.AppStore|Any CPU.Build.0 = AppStore|iPhone
		{10FFAE6E-9FC3-47D8-A80E-0E0193CB3C43}.AppStore|iPhone.ActiveCfg = AppStore|iPhone
		{10FFAE6E-9FC3-47D8-A80E-0E0193CB3C43}.AppStore|iPhone.Build.0 = AppStore|iPhone
		{10FFAE6E-9FC3-47D8-A80E-0E0193CB3C43}.AppStore|iPhoneSimulator.ActiveCfg = Debug|iPhoneSimulator
		{10FFAE6E-9FC3-47D8-A80E-0E0193CB3C43}.AppStore|iPhoneSimulator.Build.0 = Debug|iPhoneSimulator
		{10FFAE6E-9FC3-47D8-A80E-0E0193CB3C43}.AppStore|Mixed Platforms.ActiveCfg = AppStore|iPhone
		{10FFAE6E-9FC3-47D8-A80E-0E0193CB3C43}.AppStore|Mixed Platforms.Build.0 = AppStore|iPhone
		{10FFAE6E-9FC3-47D8-A80E-0E0193CB3C43}.Debug|Any CPU.ActiveCfg = Debug|iPhoneSimulator
		{10FFAE6E-9FC3-47D8-A80E-0E0193CB3C43}.Debug|Any CPU.Build.0 = Debug|iPhoneSimulator
		{10FFAE6E-9FC3-47D8-A80E-0E0193CB3C43}.Debug|iPhone.ActiveCfg = Debug|iPhone
		{10FFAE6E-9FC3-47D8-A80E-0E0193CB3C43}.Debug|iPhone.Build.0 = Debug|iPhone
		{10FFAE6E-9FC3-47D8-A80E-0E0193CB3C43}.Debug|iPhoneSimulator.ActiveCfg = Debug|iPhoneSimulator
		{10FFAE6E-9FC3-47D8-A80E-0E0193CB3C43}.Debug|iPhoneSimulator.Build.0 = Debug|iPhoneSimulator
		{10FFAE6E-9FC3-47D8-A80E-0E0193CB3C43}.Debug|iPhoneSimulator.Deploy.0 = Debug|iPhoneSimulator
		{10FFAE6E-9FC3-47D8-A80E-0E0193CB3C43}.Debug|Mixed Platforms.ActiveCfg = Debug|iPhoneSimulator
		{10FFAE6E-9FC3-47D8-A80E-0E0193CB3C43}.Debug|Mixed Platforms.Build.0 = Debug|iPhoneSimulator
		{10FFAE6E-9FC3-47D8-A80E-0E0193CB3C43}.Release|Any CPU.ActiveCfg = Release|iPhoneSimulator
		{10FFAE6E-9FC3-47D8-A80E-0E0193CB3C43}.Release|Any CPU.Build.0 = Release|iPhoneSimulator
		{10FFAE6E-9FC3-47D8-A80E-0E0193CB3C43}.Release|iPhone.ActiveCfg = Release|iPhone
		{10FFAE6E-9FC3-47D8-A80E-0E0193CB3C43}.Release|iPhone.Build.0 = Release|iPhone
		{10FFAE6E-9FC3-47D8-A80E-0E0193CB3C43}.Release|iPhoneSimulator.ActiveCfg = Release|iPhoneSimulator
		{10FFAE6E-9FC3-47D8-A80E-0E0193CB3C43}.Release|iPhoneSimulator.Build.0 = Release|iPhoneSimulator
		{10FFAE6E-9FC3-47D8-A80E-0E0193CB3C43}.Release|Mixed Platforms.ActiveCfg = Release|iPhoneSimulator
		{10FFAE6E-9FC3-47D8-A80E-0E0193CB3C43}.Release|Mixed Platforms.Build.0 = Release|iPhoneSimulator
		{317AF9CE-1B65-47A2-B142-BE556A312C72}.Ad-Hoc|Any CPU.ActiveCfg = Release|Any CPU
		{317AF9CE-1B65-47A2-B142-BE556A312C72}.Ad-Hoc|Any CPU.Build.0 = Release|Any CPU
		{317AF9CE-1B65-47A2-B142-BE556A312C72}.Ad-Hoc|iPhone.ActiveCfg = Release|Any CPU
		{317AF9CE-1B65-47A2-B142-BE556A312C72}.Ad-Hoc|iPhone.Build.0 = Release|Any CPU
		{317AF9CE-1B65-47A2-B142-BE556A312C72}.Ad-Hoc|iPhoneSimulator.ActiveCfg = Debug|Any CPU
		{317AF9CE-1B65-47A2-B142-BE556A312C72}.Ad-Hoc|iPhoneSimulator.Build.0 = Debug|Any CPU
		{317AF9CE-1B65-47A2-B142-BE556A312C72}.Ad-Hoc|Mixed Platforms.ActiveCfg = Release|Any CPU
		{317AF9CE-1B65-47A2-B142-BE556A312C72}.Ad-Hoc|Mixed Platforms.Build.0 = Release|Any CPU
		{317AF9CE-1B65-47A2-B142-BE556A312C72}.AppStore|Any CPU.ActiveCfg = Release|Any CPU
		{317AF9CE-1B65-47A2-B142-BE556A312C72}.AppStore|Any CPU.Build.0 = Release|Any CPU
		{317AF9CE-1B65-47A2-B142-BE556A312C72}.AppStore|iPhone.ActiveCfg = Release|Any CPU
		{317AF9CE-1B65-47A2-B142-BE556A312C72}.AppStore|iPhone.Build.0 = Release|Any CPU
		{317AF9CE-1B65-47A2-B142-BE556A312C72}.AppStore|iPhoneSimulator.ActiveCfg = Debug|Any CPU
		{317AF9CE-1B65-47A2-B142-BE556A312C72}.AppStore|iPhoneSimulator.Build.0 = Debug|Any CPU
		{317AF9CE-1B65-47A2-B142-BE556A312C72}.AppStore|Mixed Platforms.ActiveCfg = Release|Any CPU
		{317AF9CE-1B65-47A2-B142-BE556A312C72}.AppStore|Mixed Platforms.Build.0 = Release|Any CPU
		{317AF9CE-1B65-47A2-B142-BE556A312C72}.Debug|Any CPU.ActiveCfg = Debug|Any CPU
		{317AF9CE-1B65-47A2-B142-BE556A312C72}.Debug|Any CPU.Build.0 = Debug|Any CPU
		{317AF9CE-1B65-47A2-B142-BE556A312C72}.Debug|iPhone.ActiveCfg = Debug|Any CPU
		{317AF9CE-1B65-47A2-B142-BE556A312C72}.Debug|iPhone.Build.0 = Debug|Any CPU
		{317AF9CE-1B65-47A2-B142-BE556A312C72}.Debug|iPhoneSimulator.ActiveCfg = Debug|Any CPU
		{317AF9CE-1B65-47A2-B142-BE556A312C72}.Debug|iPhoneSimulator.Build.0 = Debug|Any CPU
		{317AF9CE-1B65-47A2-B142-BE556A312C72}.Debug|Mixed Platforms.ActiveCfg = Debug|Any CPU
		{317AF9CE-1B65-47A2-B142-BE556A312C72}.Debug|Mixed Platforms.Build.0 = Debug|Any CPU
		{317AF9CE-1B65-47A2-B142-BE556A312C72}.Release|Any CPU.ActiveCfg = Release|Any CPU
		{317AF9CE-1B65-47A2-B142-BE556A312C72}.Release|Any CPU.Build.0 = Release|Any CPU
		{317AF9CE-1B65-47A2-B142-BE556A312C72}.Release|iPhone.ActiveCfg = Release|Any CPU
		{317AF9CE-1B65-47A2-B142-BE556A312C72}.Release|iPhone.Build.0 = Release|Any CPU
		{317AF9CE-1B65-47A2-B142-BE556A312C72}.Release|iPhoneSimulator.ActiveCfg = Release|Any CPU
		{317AF9CE-1B65-47A2-B142-BE556A312C72}.Release|iPhoneSimulator.Build.0 = Release|Any CPU
		{317AF9CE-1B65-47A2-B142-BE556A312C72}.Release|Mixed Platforms.ActiveCfg = Release|Any CPU
		{317AF9CE-1B65-47A2-B142-BE556A312C72}.Release|Mixed Platforms.Build.0 = Release|Any CPU
		{53F56A65-CDA9-49C2-A9BD-316EA18AEB49}.Ad-Hoc|Any CPU.ActiveCfg = Release|Any CPU
		{53F56A65-CDA9-49C2-A9BD-316EA18AEB49}.Ad-Hoc|Any CPU.Build.0 = Release|Any CPU
		{53F56A65-CDA9-49C2-A9BD-316EA18AEB49}.Ad-Hoc|iPhone.ActiveCfg = Release|Any CPU
		{53F56A65-CDA9-49C2-A9BD-316EA18AEB49}.Ad-Hoc|iPhone.Build.0 = Release|Any CPU
		{53F56A65-CDA9-49C2-A9BD-316EA18AEB49}.Ad-Hoc|iPhoneSimulator.ActiveCfg = Debug|Any CPU
		{53F56A65-CDA9-49C2-A9BD-316EA18AEB49}.Ad-Hoc|iPhoneSimulator.Build.0 = Debug|Any CPU
		{53F56A65-CDA9-49C2-A9BD-316EA18AEB49}.Ad-Hoc|Mixed Platforms.ActiveCfg = Release|Any CPU
		{53F56A65-CDA9-49C2-A9BD-316EA18AEB49}.Ad-Hoc|Mixed Platforms.Build.0 = Release|Any CPU
		{53F56A65-CDA9-49C2-A9BD-316EA18AEB49}.AppStore|Any CPU.ActiveCfg = Release|Any CPU
		{53F56A65-CDA9-49C2-A9BD-316EA18AEB49}.AppStore|Any CPU.Build.0 = Release|Any CPU
		{53F56A65-CDA9-49C2-A9BD-316EA18AEB49}.AppStore|iPhone.ActiveCfg = Release|Any CPU
		{53F56A65-CDA9-49C2-A9BD-316EA18AEB49}.AppStore|iPhone.Build.0 = Release|Any CPU
		{53F56A65-CDA9-49C2-A9BD-316EA18AEB49}.AppStore|iPhoneSimulator.ActiveCfg = Debug|Any CPU
		{53F56A65-CDA9-49C2-A9BD-316EA18AEB49}.AppStore|iPhoneSimulator.Build.0 = Debug|Any CPU
		{53F56A65-CDA9-49C2-A9BD-316EA18AEB49}.AppStore|Mixed Platforms.ActiveCfg = Release|Any CPU
		{53F56A65-CDA9-49C2-A9BD-316EA18AEB49}.AppStore|Mixed Platforms.Build.0 = Release|Any CPU
		{53F56A65-CDA9-49C2-A9BD-316EA18AEB49}.Debug|Any CPU.ActiveCfg = Debug|Any CPU
		{53F56A65-CDA9-49C2-A9BD-316EA18AEB49}.Debug|Any CPU.Build.0 = Debug|Any CPU
		{53F56A65-CDA9-49C2-A9BD-316EA18AEB49}.Debug|iPhone.ActiveCfg = Debug|Any CPU
		{53F56A65-CDA9-49C2-A9BD-316EA18AEB49}.Debug|iPhone.Build.0 = Debug|Any CPU
		{53F56A65-CDA9-49C2-A9BD-316EA18AEB49}.Debug|iPhoneSimulator.ActiveCfg = Debug|Any CPU
		{53F56A65-CDA9-49C2-A9BD-316EA18AEB49}.Debug|iPhoneSimulator.Build.0 = Debug|Any CPU
		{53F56A65-CDA9-49C2-A9BD-316EA18AEB49}.Debug|Mixed Platforms.ActiveCfg = Debug|Any CPU
		{53F56A65-CDA9-49C2-A9BD-316EA18AEB49}.Debug|Mixed Platforms.Build.0 = Debug|Any CPU
		{53F56A65-CDA9-49C2-A9BD-316EA18AEB49}.Release|Any CPU.ActiveCfg = Release|Any CPU
		{53F56A65-CDA9-49C2-A9BD-316EA18AEB49}.Release|Any CPU.Build.0 = Release|Any CPU
		{53F56A65-CDA9-49C2-A9BD-316EA18AEB49}.Release|iPhone.ActiveCfg = Release|Any CPU
		{53F56A65-CDA9-49C2-A9BD-316EA18AEB49}.Release|iPhone.Build.0 = Release|Any CPU
		{53F56A65-CDA9-49C2-A9BD-316EA18AEB49}.Release|iPhoneSimulator.ActiveCfg = Release|Any CPU
		{53F56A65-CDA9-49C2-A9BD-316EA18AEB49}.Release|iPhoneSimulator.Build.0 = Release|Any CPU
		{53F56A65-CDA9-49C2-A9BD-316EA18AEB49}.Release|Mixed Platforms.ActiveCfg = Release|Any CPU
		{53F56A65-CDA9-49C2-A9BD-316EA18AEB49}.Release|Mixed Platforms.Build.0 = Release|Any CPU
		{C868D36D-673D-4F3F-8BF6-769EEF2DD028}.Ad-Hoc|Any CPU.ActiveCfg = Release|Any CPU
		{C868D36D-673D-4F3F-8BF6-769EEF2DD028}.Ad-Hoc|Any CPU.Build.0 = Release|Any CPU
		{C868D36D-673D-4F3F-8BF6-769EEF2DD028}.Ad-Hoc|iPhone.ActiveCfg = Release|Any CPU
		{C868D36D-673D-4F3F-8BF6-769EEF2DD028}.Ad-Hoc|iPhone.Build.0 = Release|Any CPU
		{C868D36D-673D-4F3F-8BF6-769EEF2DD028}.Ad-Hoc|iPhoneSimulator.ActiveCfg = Debug|Any CPU
		{C868D36D-673D-4F3F-8BF6-769EEF2DD028}.Ad-Hoc|iPhoneSimulator.Build.0 = Debug|Any CPU
		{C868D36D-673D-4F3F-8BF6-769EEF2DD028}.Ad-Hoc|Mixed Platforms.ActiveCfg = Release|Any CPU
		{C868D36D-673D-4F3F-8BF6-769EEF2DD028}.Ad-Hoc|Mixed Platforms.Build.0 = Release|Any CPU
		{C868D36D-673D-4F3F-8BF6-769EEF2DD028}.AppStore|Any CPU.ActiveCfg = Release|Any CPU
		{C868D36D-673D-4F3F-8BF6-769EEF2DD028}.AppStore|Any CPU.Build.0 = Release|Any CPU
		{C868D36D-673D-4F3F-8BF6-769EEF2DD028}.AppStore|iPhone.ActiveCfg = Release|Any CPU
		{C868D36D-673D-4F3F-8BF6-769EEF2DD028}.AppStore|iPhone.Build.0 = Release|Any CPU
		{C868D36D-673D-4F3F-8BF6-769EEF2DD028}.AppStore|iPhoneSimulator.ActiveCfg = Debug|Any CPU
		{C868D36D-673D-4F3F-8BF6-769EEF2DD028}.AppStore|iPhoneSimulator.Build.0 = Debug|Any CPU
		{C868D36D-673D-4F3F-8BF6-769EEF2DD028}.AppStore|Mixed Platforms.ActiveCfg = Release|Any CPU
		{C868D36D-673D-4F3F-8BF6-769EEF2DD028}.AppStore|Mixed Platforms.Build.0 = Release|Any CPU
		{C868D36D-673D-4F3F-8BF6-769EEF2DD028}.Debug|Any CPU.ActiveCfg = Debug|Any CPU
		{C868D36D-673D-4F3F-8BF6-769EEF2DD028}.Debug|Any CPU.Build.0 = Debug|Any CPU
		{C868D36D-673D-4F3F-8BF6-769EEF2DD028}.Debug|iPhone.ActiveCfg = Debug|Any CPU
		{C868D36D-673D-4F3F-8BF6-769EEF2DD028}.Debug|iPhone.Build.0 = Debug|Any CPU
		{C868D36D-673D-4F3F-8BF6-769EEF2DD028}.Debug|iPhoneSimulator.ActiveCfg = Debug|Any CPU
		{C868D36D-673D-4F3F-8BF6-769EEF2DD028}.Debug|iPhoneSimulator.Build.0 = Debug|Any CPU
		{C868D36D-673D-4F3F-8BF6-769EEF2DD028}.Debug|Mixed Platforms.ActiveCfg = Debug|Any CPU
		{C868D36D-673D-4F3F-8BF6-769EEF2DD028}.Debug|Mixed Platforms.Build.0 = Debug|Any CPU
		{C868D36D-673D-4F3F-8BF6-769EEF2DD028}.Release|Any CPU.ActiveCfg = Release|Any CPU
		{C868D36D-673D-4F3F-8BF6-769EEF2DD028}.Release|Any CPU.Build.0 = Release|Any CPU
		{C868D36D-673D-4F3F-8BF6-769EEF2DD028}.Release|iPhone.ActiveCfg = Release|Any CPU
		{C868D36D-673D-4F3F-8BF6-769EEF2DD028}.Release|iPhone.Build.0 = Release|Any CPU
		{C868D36D-673D-4F3F-8BF6-769EEF2DD028}.Release|iPhoneSimulator.ActiveCfg = Release|Any CPU
		{C868D36D-673D-4F3F-8BF6-769EEF2DD028}.Release|iPhoneSimulator.Build.0 = Release|Any CPU
		{C868D36D-673D-4F3F-8BF6-769EEF2DD028}.Release|Mixed Platforms.ActiveCfg = Release|Any CPU
		{C868D36D-673D-4F3F-8BF6-769EEF2DD028}.Release|Mixed Platforms.Build.0 = Release|Any CPU
	EndGlobalSection
	GlobalSection(MonoDevelopProperties) = preSolution
		StartupItem = Eval.Touch\Eval.Touch.csproj
	EndGlobalSection
	GlobalSection(SolutionProperties) = preSolution
		HideSolutionNode = FALSE
	EndGlobalSection
EndGlobal
